
Microsoft Visual Studio Solution File, Format Version 12.00
# Visual Studio Version 16
VisualStudioVersion = 16.0.30717.126
MinimumVisualStudioVersion = 10.0.40219.1
Project("{FAE04EC0-301F-11D3-BF4B-00C04F79EFBC}") = "1", "1.csproj", "{D0195462-731E-4AFE-8AAE-AC675B5866F3}"
EndProject
Project("{9A19103F-16F7-4668-BE54-9A1E7A4F7556}") = "2", "..\..\..\OneDrive\Рабочий стол\программы\1-2\2.csproj", "{4B2A2DB8-EB92-4D99-814E-51A0A77C6351}"
EndProject
Project("{9A19103F-16F7-4668-BE54-9A1E7A4F7556}") = "3", "..\..\..\OneDrive\Рабочий стол\программы\1-3\3.csproj", "{69D06A23-8DF4-4EF6-8B01-4013AD47A8BA}"
EndProject
Project("{9A19103F-16F7-4668-BE54-9A1E7A4F7556}") = "4", "..\..\..\OneDrive\Рабочий стол\программы\1-4\4.csproj", "{8F21A14C-F995-4601-9C44-5730B5D15F74}"
EndProject
Project("{9A19103F-16F7-4668-BE54-9A1E7A4F7556}") = "5", "..\..\..\OneDrive\Рабочий стол\программы\1-5\5.csproj", "{E4DFEC18-2CBB-42BD-91CF-90783C3B9056}"
EndProject
Project("{9A19103F-16F7-4668-BE54-9A1E7A4F7556}") = "6", "..\..\..\OneDrive\Рабочий стол\программы\1-6\6.csproj", "{8B4B2F0F-0B45-4B98-B5E8-69FE545E2715}"
EndProject
Project("{9A19103F-16F7-4668-BE54-9A1E7A4F7556}") = "7", "..\..\..\OneDrive\Рабочий стол\программы\1-7\7.csproj", "{2410CFBC-10CC-4D6E-B138-BFC25E236714}"
EndProject
Project("{2150E333-8FDC-42A3-9474-1A3956D46DE8}") = "1-1", "1-1", "{560E26A3-908C-4BC8-B72A-E96C05C038F3}"
EndProject
Project("{2150E333-8FDC-42A3-9474-1A3956D46DE8}") = "1-2", "1-2", "{5E6A92FC-8932-4D5D-A869-81EE3E12EC77}"
EndProject
Project("{2150E333-8FDC-42A3-9474-1A3956D46DE8}") = "1-3", "1-3", "{F3C7191B-5911-4358-BBAC-15EF0FF8D133}"
EndProject
Project("{2150E333-8FDC-42A3-9474-1A3956D46DE8}") = "1-4", "1-4", "{EE514D72-64B5-4A1C-A3E3-30E136EC173F}"
EndProject
Project("{2150E333-8FDC-42A3-9474-1A3956D46DE8}") = "1-5", "1-5", "{CB0C7FE7-548D-48A2-AABF-9C1716BACF34}"
EndProject
Project("{2150E333-8FDC-42A3-9474-1A3956D46DE8}") = "1-6", "1-6", "{F658967A-E5EF-413B-B134-9B4D10583074}"
EndProject
Project("{2150E333-8FDC-42A3-9474-1A3956D46DE8}") = "1-7", "1-7", "{DA5F557D-D324-4DCB-9677-6C76A1C222B4}"
EndProject
Global
	GlobalSection(SolutionConfigurationPlatforms) = preSolution
		Debug|Any CPU = Debug|Any CPU
		Release|Any CPU = Release|Any CPU
	EndGlobalSection
	GlobalSection(ProjectConfigurationPlatforms) = postSolution
		{D0195462-731E-4AFE-8AAE-AC675B5866F3}.Debug|Any CPU.ActiveCfg = Debug|Any CPU
		{D0195462-731E-4AFE-8AAE-AC675B5866F3}.Debug|Any CPU.Build.0 = Debug|Any CPU
		{D0195462-731E-4AFE-8AAE-AC675B5866F3}.Release|Any CPU.ActiveCfg = Release|Any CPU
		{D0195462-731E-4AFE-8AAE-AC675B5866F3}.Release|Any CPU.Build.0 = Release|Any CPU
		{4B2A2DB8-EB92-4D99-814E-51A0A77C6351}.Debug|Any CPU.ActiveCfg = Debug|Any CPU
		{4B2A2DB8-EB92-4D99-814E-51A0A77C6351}.Debug|Any CPU.Build.0 = Debug|Any CPU
		{4B2A2DB8-EB92-4D99-814E-51A0A77C6351}.Release|Any CPU.ActiveCfg = Release|Any CPU
		{4B2A2DB8-EB92-4D99-814E-51A0A77C6351}.Release|Any CPU.Build.0 = Release|Any CPU
		{69D06A23-8DF4-4EF6-8B01-4013AD47A8BA}.Debug|Any CPU.ActiveCfg = Debug|Any CPU
		{69D06A23-8DF4-4EF6-8B01-4013AD47A8BA}.Debug|Any CPU.Build.0 = Debug|Any CPU
		{69D06A23-8DF4-4EF6-8B01-4013AD47A8BA}.Release|Any CPU.ActiveCfg = Release|Any CPU
		{69D06A23-8DF4-4EF6-8B01-4013AD47A8BA}.Release|Any CPU.Build.0 = Release|Any CPU
		{8F21A14C-F995-4601-9C44-5730B5D15F74}.Debug|Any CPU.ActiveCfg = Debug|Any CPU
		{8F21A14C-F995-4601-9C44-5730B5D15F74}.Debug|Any CPU.Build.0 = Debug|Any CPU
		{8F21A14C-F995-4601-9C44-5730B5D15F74}.Release|Any CPU.ActiveCfg = Release|Any CPU
		{8F21A14C-F995-4601-9C44-5730B5D15F74}.Release|Any CPU.Build.0 = Release|Any CPU
		{E4DFEC18-2CBB-42BD-91CF-90783C3B9056}.Debug|Any CPU.ActiveCfg = Debug|Any CPU
		{E4DFEC18-2CBB-42BD-91CF-90783C3B9056}.Debug|Any CPU.Build.0 = Debug|Any CPU
		{E4DFEC18-2CBB-42BD-91CF-90783C3B9056}.Release|Any CPU.ActiveCfg = Release|Any CPU
		{E4DFEC18-2CBB-42BD-91CF-90783C3B9056}.Release|Any CPU.Build.0 = Release|Any CPU
		{8B4B2F0F-0B45-4B98-B5E8-69FE545E2715}.Debug|Any CPU.ActiveCfg = Debug|Any CPU
		{8B4B2F0F-0B45-4B98-B5E8-69FE545E2715}.Debug|Any CPU.Build.0 = Debug|Any CPU
		{8B4B2F0F-0B45-4B98-B5E8-69FE545E2715}.Release|Any CPU.ActiveCfg = Release|Any CPU
		{8B4B2F0F-0B45-4B98-B5E8-69FE545E2715}.Release|Any CPU.Build.0 = Release|Any CPU
		{2410CFBC-10CC-4D6E-B138-BFC25E236714}.Debug|Any CPU.ActiveCfg = Debug|Any CPU
		{2410CFBC-10CC-4D6E-B138-BFC25E236714}.Debug|Any CPU.Build.0 = Debug|Any CPU
		{2410CFBC-10CC-4D6E-B138-BFC25E236714}.Release|Any CPU.ActiveCfg = Release|Any CPU
		{2410CFBC-10CC-4D6E-B138-BFC25E236714}.Release|Any CPU.Build.0 = Release|Any CPU
	EndGlobalSection
	GlobalSection(SolutionProperties) = preSolution
		HideSolutionNode = FALSE
	EndGlobalSection
	GlobalSection(NestedProjects) = preSolution
		{D0195462-731E-4AFE-8AAE-AC675B5866F3} = {560E26A3-908C-4BC8-B72A-E96C05C038F3}
		{4B2A2DB8-EB92-4D99-814E-51A0A77C6351} = {5E6A92FC-8932-4D5D-A869-81EE3E12EC77}
		{69D06A23-8DF4-4EF6-8B01-4013AD47A8BA} = {F3C7191B-5911-4358-BBAC-15EF0FF8D133}
		{8F21A14C-F995-4601-9C44-5730B5D15F74} = {EE514D72-64B5-4A1C-A3E3-30E136EC173F}
		{E4DFEC18-2CBB-42BD-91CF-90783C3B9056} = {CB0C7FE7-548D-48A2-AABF-9C1716BACF34}
		{8B4B2F0F-0B45-4B98-B5E8-69FE545E2715} = {F658967A-E5EF-413B-B134-9B4D10583074}
		{2410CFBC-10CC-4D6E-B138-BFC25E236714} = {DA5F557D-D324-4DCB-9677-6C76A1C222B4}
	EndGlobalSection
	GlobalSection(ExtensibilityGlobals) = postSolution
		SolutionGuid = {D3F2260B-8178-45E9-87D9-50A12D71FE60}
	EndGlobalSection
EndGlobal
